
Microsoft Visual Studio Solution File, Format Version 12.00
# Visual Studio Version 16
VisualStudioVersion = 16.0.30002.166
MinimumVisualStudioVersion = 10.0.40219.1
Project("{FAE04EC0-301F-11D3-BF4B-00C04F79EFBC}") = "Lottary", "Lottary\Lottary.csproj", "{0A7ECC80-2FEF-4C69-97E7-3E36E7A61705}"
EndProject
Project("{FAE04EC0-301F-11D3-BF4B-00C04F79EFBC}") = "LottoServices", "LottoServices\LottoServices.csproj", "{3DEB98ED-FE93-4CC6-BE77-B49A016255A0}"
EndProject
Global
	GlobalSection(SolutionConfigurationPlatforms) = preSolution
		Debug|Any CPU = Debug|Any CPU
		Release|Any CPU = Release|Any CPU
	EndGlobalSection
	GlobalSection(ProjectConfigurationPlatforms) = postSolution
		{0A7ECC80-2FEF-4C69-97E7-3E36E7A61705}.Debug|Any CPU.ActiveCfg = Debug|Any CPU
		{0A7ECC80-2FEF-4C69-97E7-3E36E7A61705}.Debug|Any CPU.Build.0 = Debug|Any CPU
		{0A7ECC80-2FEF-4C69-97E7-3E36E7A61705}.Release|Any CPU.ActiveCfg = Release|Any CPU
		{0A7ECC80-2FEF-4C69-97E7-3E36E7A61705}.Release|Any CPU.Build.0 = Release|Any CPU
		{3DEB98ED-FE93-4CC6-BE77-B49A016255A0}.Debug|Any CPU.ActiveCfg = Debug|Any CPU
		{3DEB98ED-FE93-4CC6-BE77-B49A016255A0}.Debug|Any CPU.Build.0 = Debug|Any CPU
		{3DEB98ED-FE93-4CC6-BE77-B49A016255A0}.Release|Any CPU.ActiveCfg = Release|Any CPU
		{3DEB98ED-FE93-4CC6-BE77-B49A016255A0}.Release|Any CPU.Build.0 = Release|Any CPU
	EndGlobalSection
	GlobalSection(SolutionProperties) = preSolution
		HideSolutionNode = FALSE
	EndGlobalSection
	GlobalSection(ExtensibilityGlobals) = postSolution
		SolutionGuid = {63244C0C-D1A4-4D95-99D5-D85C911DDEEC}
	EndGlobalSection
EndGlobal
